<?xml version="1.0" encoding="utf-8"?>
<Project ToolsVersion="4.0" xmlns="http://schemas.microsoft.com/developer/msbuild/2003">
  <ItemGroup>
    <Filter Include="Resource Files">
      <UniqueIdentifier>{D9D6E242-F8AF-46E4-B9FD-80ECBC20BA3E}</UniqueIdentifier>
      <Extensions>qrc;*</Extensions>
      <ParseFiles>false</ParseFiles>
    </Filter>
    <Filter Include="UI">
      <UniqueIdentifier>{444ee9ac-c40e-4f09-9a63-7a12bf7f21c6}</UniqueIdentifier>
    </Filter>
    <Filter Include="UI\Header Files">
      <UniqueIdentifier>{93995380-89BD-4b04-88EB-625FBE52EBFB}</UniqueIdentifier>
      <Extensions>h;hh;hpp;hxx;hm;inl;inc;xsd</Extensions>
    </Filter>
    <Filter Include="UI\Form Files">
      <UniqueIdentifier>{99349809-55BA-4b9d-BF79-8FDBB0286EB3}</UniqueIdentifier>
      <Extensions>ui</Extensions>
    </Filter>
    <Filter Include="UI\Source Files">
      <UniqueIdentifier>{4FC737F1-C7A5-4376-A066-2A32D752A2FF}</UniqueIdentifier>
      <Extensions>cpp;c;cc;cxx;def;odl;idl;hpj;bat;asm;asmx</Extensions>
    </Filter>
    <Filter Include="UI\Resource Files">
      <UniqueIdentifier>{D9D6E242-F8AF-46E4-B9FD-80ECBC20BA3E}</UniqueIdentifier>
      <Extensions>qrc;*</Extensions>
      <ParseFiles>false</ParseFiles>
    </Filter>
    <Filter Include="Documents">
      <UniqueIdentifier>{cd9f67cb-26dc-456b-aa2d-72c1c8bfb0c1}</UniqueIdentifier>
    </Filter>
    <Filter Include="Recipes">
      <UniqueIdentifier>{be2ab002-c13f-4663-9103-af45ea057f25}</UniqueIdentifier>
    </Filter>
    <Filter Include="Recipes\data">
      <UniqueIdentifier>{abd3232f-22f1-4281-8b73-3cb25bd9cf9e}</UniqueIdentifier>
    </Filter>
    <Filter Include="Recipes\serialization">
      <UniqueIdentifier>{6dd61d34-c29c-413b-893e-dba406baf179}</UniqueIdentifier>
    </Filter>
  </ItemGroup>
  <ItemGroup>
    <ClCompile Include="main.cpp">
      <Filter>
      </Filter>
    </ClCompile>
    <ClCompile Include="Recipes\data\Amount.cpp">
      <Filter>Recipes\data</Filter>
    </ClCompile>
    <ClCompile Include="Recipes\data\Unit.cpp">
      <Filter>Recipes\data</Filter>
    </ClCompile>
    <ClCompile Include="Recipes\data\RecipeBook.cpp">
      <Filter>Recipes\data</Filter>
    </ClCompile>
    <ClCompile Include="Recipes\data\SortOrder.cpp">
      <Filter>Recipes\data</Filter>
    </ClCompile>
    <ClCompile Include="UI\recipebookwindow.cpp">
      <Filter>UI\Source Files</Filter>
    </ClCompile>
    <ClCompile Include="Recipes\data\Ingredient.cpp">
      <Filter>Recipes\data</Filter>
    </ClCompile>
    <ClCompile Include="Recipes\data\Recipe.cpp">
      <Filter>Recipes\data</Filter>
    </ClCompile>
    <ClCompile Include="Recipes\data\ShoppingRecipe.cpp">
      <Filter>Recipes\data</Filter>
    </ClCompile>
  </ItemGroup>
  <ItemGroup>
    <Text Include="..\Design.txt">
      <Filter>Documents</Filter>
    </Text>
    <Text Include="..\TODO.txt">
      <Filter>Documents</Filter>
    </Text>
  </ItemGroup>
  <ItemGroup>
    <ClInclude Include="Recipes\data\Amount.h">
      <Filter>Recipes\data</Filter>
    </ClInclude>
    <ClInclude Include="Recipes\data\Unit.h">
      <Filter>Recipes\data</Filter>
    </ClInclude>
    <ClInclude Include="Recipes\data\RecipeBook.h">
      <Filter>Recipes\data</Filter>
    </ClInclude>
    <ClInclude Include="Recipes\data\Category.h">
      <Filter>Recipes\data</Filter>
    </ClInclude>
    <ClInclude Include="Recipes\data\Ingredient.h">
      <Filter>Recipes\data</Filter>
    </ClInclude>
    <ClInclude Include="Recipes\data\SortOrder.h">
      <Filter>Recipes\data</Filter>
    </ClInclude>
    <ClInclude Include="Recipes\data\Recipe.h">
      <Filter>Recipes\data</Filter>
    </ClInclude>
    <ClInclude Include="Recipes\data\ShoppingRecipe.h">
      <Filter>Recipes\data</Filter>
    </ClInclude>
  </ItemGroup>
  <ItemGroup>
    <QtMoc Include="UI\recipebookwindow.h">
      <Filter>UI\Header Files</Filter>
    </QtMoc>
  </ItemGroup>
  <ItemGroup>
    <QtUic Include="UI\recipebookwindow.ui">
      <Filter>UI\Form Files</Filter>
    </QtUic>
  </ItemGroup>
  <ItemGroup>
    <QtRcc Include="UI\recipebookwindow.qrc">
      <Filter>UI\Resource Files</Filter>
    </QtRcc>
  </ItemGroup>
</Project>